// !$*UTF8*$!
{
	archiveVersion = 1;
	classes = {
	};
	objectVersion = 46;
	objects = {

/* Begin PBXBuildFile section */
		D123630B1B793A5000EDE382 /* SelectSchoolTableViewController.swift in Sources */ = {isa = PBXBuildFile; fileRef = D123630A1B793A5000EDE382 /* SelectSchoolTableViewController.swift */; };
		D15440FF1B755B7A00260E28 /* VehicleManageHelper.swift in Sources */ = {isa = PBXBuildFile; fileRef = D15440FE1B755B7A00260E28 /* VehicleManageHelper.swift */; };
		D15441011B75656200260E28 /* VehiclesTableViewController.swift in Sources */ = {isa = PBXBuildFile; fileRef = D15441001B75656200260E28 /* VehiclesTableViewController.swift */; };
		D15441031B758E1D00260E28 /* CalenderTableViewController.swift in Sources */ = {isa = PBXBuildFile; fileRef = D15441021B758E1D00260E28 /* CalenderTableViewController.swift */; };
		D15441051B75909700260E28 /* CalenderTableViewCell.swift in Sources */ = {isa = PBXBuildFile; fileRef = D15441041B75909700260E28 /* CalenderTableViewCell.swift */; };
		D16C4F531B76F77C006A674C /* SettingsTableViewController.swift in Sources */ = {isa = PBXBuildFile; fileRef = D16C4F521B76F77C006A674C /* SettingsTableViewController.swift */; };
		D19EA70E1B75368E00F55208 /* AppDelegate.swift in Sources */ = {isa = PBXBuildFile; fileRef = D19EA70D1B75368E00F55208 /* AppDelegate.swift */; };
		D19EA7151B75368E00F55208 /* Main.storyboard in Resources */ = {isa = PBXBuildFile; fileRef = D19EA7131B75368E00F55208 /* Main.storyboard */; };
		D19EA7171B75368E00F55208 /* Assets.xcassets in Resources */ = {isa = PBXBuildFile; fileRef = D19EA7161B75368E00F55208 /* Assets.xcassets */; };
		D19EA71A1B75368E00F55208 /* LaunchScreen.storyboard in Resources */ = {isa = PBXBuildFile; fileRef = D19EA7181B75368E00F55208 /* LaunchScreen.storyboard */; };
		D19EA7251B75368E00F55208 /* Vehicle_ManagerTests.swift in Sources */ = {isa = PBXBuildFile; fileRef = D19EA7241B75368E00F55208 /* Vehicle_ManagerTests.swift */; };
		D19EA7301B75368E00F55208 /* Vehicle_ManagerUITests.swift in Sources */ = {isa = PBXBuildFile; fileRef = D19EA72F1B75368E00F55208 /* Vehicle_ManagerUITests.swift */; };
		D19EA73E1B7536DB00F55208 /* ReservationViewController.swift in Sources */ = {isa = PBXBuildFile; fileRef = D19EA73D1B7536DB00F55208 /* ReservationViewController.swift */; };
		D19EA7431B75373800F55208 /* ServerHelper.swift in Sources */ = {isa = PBXBuildFile; fileRef = D19EA7421B75373800F55208 /* ServerHelper.swift */; };
		D19EA7451B7537EB00F55208 /* SwiftyJSON.swift in Sources */ = {isa = PBXBuildFile; fileRef = D19EA7441B7537EB00F55208 /* SwiftyJSON.swift */; };
		D19EA7471B75390500F55208 /* Reservation.swift in Sources */ = {isa = PBXBuildFile; fileRef = D19EA7461B75390500F55208 /* Reservation.swift */; };
		D19EA7491B753BEF00F55208 /* ReservationTableViewCell.swift in Sources */ = {isa = PBXBuildFile; fileRef = D19EA7481B753BEF00F55208 /* ReservationTableViewCell.swift */; };
		D19EA74B1B7544A700F55208 /* AddReservationViewController.swift in Sources */ = {isa = PBXBuildFile; fileRef = D19EA74A1B7544A700F55208 /* AddReservationViewController.swift */; };
		D19EA74E1B7548FD00F55208 /* SelectVehicleTableViewController.swift in Sources */ = {isa = PBXBuildFile; fileRef = D19EA74D1B7548FD00F55208 /* SelectVehicleTableViewController.swift */; };
		D1BDE48F1B7985D10037D862 /* LogInViewController.swift in Sources */ = {isa = PBXBuildFile; fileRef = D1BDE48E1B7985D10037D862 /* LogInViewController.swift */; };
		D1C79A631B7981CC003757FC /* TabBarViewController.swift in Sources */ = {isa = PBXBuildFile; fileRef = D1C79A621B7981CC003757FC /* TabBarViewController.swift */; };
		D1CC5FEF1B793F84002C6E04 /* HelpViewController.swift in Sources */ = {isa = PBXBuildFile; fileRef = D1CC5FEE1B793F84002C6E04 /* HelpViewController.swift */; };
		D1F9C6891B7558E40056EA03 /* SelectDateViewController.swift in Sources */ = {isa = PBXBuildFile; fileRef = D1F9C6881B7558E40056EA03 /* SelectDateViewController.swift */; };
		D1FF3A441B7A45B800F00754 /* School.swift in Sources */ = {isa = PBXBuildFile; fileRef = D1FF3A431B7A45B800F00754 /* School.swift */; };
		D1FF3A461B7A470A00F00754 /* UIColorExtension.swift in Sources */ = {isa = PBXBuildFile; fileRef = D1FF3A451B7A470A00F00754 /* UIColorExtension.swift */; };
/* End PBXBuildFile section */

/* Begin PBXContainerItemProxy section */
		D19EA7211B75368E00F55208 /* PBXContainerItemProxy */ = {
			isa = PBXContainerItemProxy;
			containerPortal = D19EA7021B75368E00F55208 /* Project object */;
			proxyType = 1;
			remoteGlobalIDString = D19EA7091B75368E00F55208;
			remoteInfo = "Vehicle Manager";
		};
		D19EA72C1B75368E00F55208 /* PBXContainerItemProxy */ = {
			isa = PBXContainerItemProxy;
			containerPortal = D19EA7021B75368E00F55208 /* Project object */;
			proxyType = 1;
			remoteGlobalIDString = D19EA7091B75368E00F55208;
			remoteInfo = "Vehicle Manager";
		};
/* End PBXContainerItemProxy section */

/* Begin PBXFileReference section */
		D123630A1B793A5000EDE382 /* SelectSchoolTableViewController.swift */ = {isa = PBXFileReference; fileEncoding = 4; lastKnownFileType = sourcecode.swift; path = SelectSchoolTableViewController.swift; sourceTree = "<group>"; };
		D15440FE1B755B7A00260E28 /* VehicleManageHelper.swift */ = {isa = PBXFileReference; fileEncoding = 4; lastKnownFileType = sourcecode.swift; path = VehicleManageHelper.swift; sourceTree = "<group>"; };
		D15441001B75656200260E28 /* VehiclesTableViewController.swift */ = {isa = PBXFileReference; fileEncoding = 4; lastKnownFileType = sourcecode.swift; path = VehiclesTableViewController.swift; sourceTree = "<group>"; };
		D15441021B758E1D00260E28 /* CalenderTableViewController.swift */ = {isa = PBXFileReference; fileEncoding = 4; lastKnownFileType = sourcecode.swift; path = CalenderTableViewController.swift; sourceTree = "<group>"; };
		D15441041B75909700260E28 /* CalenderTableViewCell.swift */ = {isa = PBXFileReference; fileEncoding = 4; lastKnownFileType = sourcecode.swift; path = CalenderTableViewCell.swift; sourceTree = "<group>"; };
		D16C4F521B76F77C006A674C /* SettingsTableViewController.swift */ = {isa = PBXFileReference; fileEncoding = 4; lastKnownFileType = sourcecode.swift; path = SettingsTableViewController.swift; sourceTree = "<group>"; };
		D19EA70A1B75368E00F55208 /* D214 Vehicles.app */ = {isa = PBXFileReference; explicitFileType = wrapper.application; includeInIndex = 0; path = "D214 Vehicles.app"; sourceTree = BUILT_PRODUCTS_DIR; };
		D19EA70D1B75368E00F55208 /* AppDelegate.swift */ = {isa = PBXFileReference; lastKnownFileType = sourcecode.swift; path = AppDelegate.swift; sourceTree = "<group>"; };
		D19EA7141B75368E00F55208 /* Base */ = {isa = PBXFileReference; lastKnownFileType = file.storyboard; name = Base; path = Base.lproj/Main.storyboard; sourceTree = "<group>"; };
		D19EA7161B75368E00F55208 /* Assets.xcassets */ = {isa = PBXFileReference; lastKnownFileType = folder.assetcatalog; path = Assets.xcassets; sourceTree = "<group>"; };
		D19EA7191B75368E00F55208 /* Base */ = {isa = PBXFileReference; lastKnownFileType = file.storyboard; name = Base; path = Base.lproj/LaunchScreen.storyboard; sourceTree = "<group>"; };
		D19EA71B1B75368E00F55208 /* Info.plist */ = {isa = PBXFileReference; lastKnownFileType = text.plist.xml; path = Info.plist; sourceTree = "<group>"; };
		D19EA7201B75368E00F55208 /* Vehicle ManagerTests.xctest */ = {isa = PBXFileReference; explicitFileType = wrapper.cfbundle; includeInIndex = 0; path = "Vehicle ManagerTests.xctest"; sourceTree = BUILT_PRODUCTS_DIR; };
		D19EA7241B75368E00F55208 /* Vehicle_ManagerTests.swift */ = {isa = PBXFileReference; lastKnownFileType = sourcecode.swift; path = Vehicle_ManagerTests.swift; sourceTree = "<group>"; };
		D19EA7261B75368E00F55208 /* Info.plist */ = {isa = PBXFileReference; lastKnownFileType = text.plist.xml; path = Info.plist; sourceTree = "<group>"; };
		D19EA72B1B75368E00F55208 /* Vehicle ManagerUITests.xctest */ = {isa = PBXFileReference; explicitFileType = wrapper.cfbundle; includeInIndex = 0; path = "Vehicle ManagerUITests.xctest"; sourceTree = BUILT_PRODUCTS_DIR; };
		D19EA72F1B75368E00F55208 /* Vehicle_ManagerUITests.swift */ = {isa = PBXFileReference; lastKnownFileType = sourcecode.swift; path = Vehicle_ManagerUITests.swift; sourceTree = "<group>"; };
		D19EA7311B75368E00F55208 /* Info.plist */ = {isa = PBXFileReference; lastKnownFileType = text.plist.xml; path = Info.plist; sourceTree = "<group>"; };
		D19EA73D1B7536DB00F55208 /* ReservationViewController.swift */ = {isa = PBXFileReference; fileEncoding = 4; lastKnownFileType = sourcecode.swift; name = ReservationViewController.swift; path = ../ReservationViewController.swift; sourceTree = "<group>"; };
		D19EA7421B75373800F55208 /* ServerHelper.swift */ = {isa = PBXFileReference; fileEncoding = 4; lastKnownFileType = sourcecode.swift; path = ServerHelper.swift; sourceTree = "<group>"; };
		D19EA7441B7537EB00F55208 /* SwiftyJSON.swift */ = {isa = PBXFileReference; fileEncoding = 4; lastKnownFileType = sourcecode.swift; path = SwiftyJSON.swift; sourceTree = "<group>"; };
		D19EA7461B75390500F55208 /* Reservation.swift */ = {isa = PBXFileReference; fileEncoding = 4; lastKnownFileType = sourcecode.swift; path = Reservation.swift; sourceTree = "<group>"; };
		D19EA7481B753BEF00F55208 /* ReservationTableViewCell.swift */ = {isa = PBXFileReference; fileEncoding = 4; lastKnownFileType = sourcecode.swift; path = ReservationTableViewCell.swift; sourceTree = "<group>"; };
		D19EA74A1B7544A700F55208 /* AddReservationViewController.swift */ = {isa = PBXFileReference; fileEncoding = 4; lastKnownFileType = sourcecode.swift; path = AddReservationViewController.swift; sourceTree = "<group>"; };
		D19EA74D1B7548FD00F55208 /* SelectVehicleTableViewController.swift */ = {isa = PBXFileReference; fileEncoding = 4; lastKnownFileType = sourcecode.swift; path = SelectVehicleTableViewController.swift; sourceTree = "<group>"; };
		D1BDE48E1B7985D10037D862 /* LogInViewController.swift */ = {isa = PBXFileReference; fileEncoding = 4; lastKnownFileType = sourcecode.swift; path = LogInViewController.swift; sourceTree = "<group>"; };
		D1C79A621B7981CC003757FC /* TabBarViewController.swift */ = {isa = PBXFileReference; fileEncoding = 4; lastKnownFileType = sourcecode.swift; path = TabBarViewController.swift; sourceTree = "<group>"; };
		D1CC5FEE1B793F84002C6E04 /* HelpViewController.swift */ = {isa = PBXFileReference; fileEncoding = 4; lastKnownFileType = sourcecode.swift; path = HelpViewController.swift; sourceTree = "<group>"; };
		D1F9C6881B7558E40056EA03 /* SelectDateViewController.swift */ = {isa = PBXFileReference; fileEncoding = 4; lastKnownFileType = sourcecode.swift; path = SelectDateViewController.swift; sourceTree = "<group>"; };
		D1FF3A431B7A45B800F00754 /* School.swift */ = {isa = PBXFileReference; fileEncoding = 4; lastKnownFileType = sourcecode.swift; path = School.swift; sourceTree = "<group>"; };
		D1FF3A451B7A470A00F00754 /* UIColorExtension.swift */ = {isa = PBXFileReference; fileEncoding = 4; lastKnownFileType = sourcecode.swift; path = UIColorExtension.swift; sourceTree = "<group>"; };
/* End PBXFileReference section */

/* Begin PBXFrameworksBuildPhase section */
		D19EA7071B75368E00F55208 /* Frameworks */ = {
			isa = PBXFrameworksBuildPhase;
			buildActionMask = 2147483647;
			files = (
			);
			runOnlyForDeploymentPostprocessing = 0;
		};
		D19EA71D1B75368E00F55208 /* Frameworks */ = {
			isa = PBXFrameworksBuildPhase;
			buildActionMask = 2147483647;
			files = (
			);
			runOnlyForDeploymentPostprocessing = 0;
		};
		D19EA7281B75368E00F55208 /* Frameworks */ = {
			isa = PBXFrameworksBuildPhase;
			buildActionMask = 2147483647;
			files = (
			);
			runOnlyForDeploymentPostprocessing = 0;
		};
/* End PBXFrameworksBuildPhase section */

/* Begin PBXGroup section */
		D19EA7011B75368E00F55208 = {
			isa = PBXGroup;
			children = (
				D19EA70C1B75368E00F55208 /* Vehicle Manager */,
				D19EA7231B75368E00F55208 /* Vehicle ManagerTests */,
				D19EA72E1B75368E00F55208 /* Vehicle ManagerUITests */,
				D19EA70B1B75368E00F55208 /* Products */,
			);
			sourceTree = "<group>";
		};
		D19EA70B1B75368E00F55208 /* Products */ = {
			isa = PBXGroup;
			children = (
				D19EA70A1B75368E00F55208 /* D214 Vehicles.app */,
				D19EA7201B75368E00F55208 /* Vehicle ManagerTests.xctest */,
				D19EA72B1B75368E00F55208 /* Vehicle ManagerUITests.xctest */,
			);
			name = Products;
			sourceTree = "<group>";
		};
		D19EA70C1B75368E00F55208 /* Vehicle Manager */ = {
			isa = PBXGroup;
			children = (
				D19EA7411B75371A00F55208 /* Helper Classes */,
				D19EA7401B75371600F55208 /* Objects */,
				D19EA73F1B75370A00F55208 /* ViewControllers */,
				D19EA70D1B75368E00F55208 /* AppDelegate.swift */,
				D19EA7131B75368E00F55208 /* Main.storyboard */,
				D19EA7161B75368E00F55208 /* Assets.xcassets */,
				D19EA7181B75368E00F55208 /* LaunchScreen.storyboard */,
				D19EA71B1B75368E00F55208 /* Info.plist */,
			);
			path = "Vehicle Manager";
			sourceTree = "<group>";
		};
		D19EA7231B75368E00F55208 /* Vehicle ManagerTests */ = {
			isa = PBXGroup;
			children = (
				D19EA7241B75368E00F55208 /* Vehicle_ManagerTests.swift */,
				D19EA7261B75368E00F55208 /* Info.plist */,
			);
			path = "Vehicle ManagerTests";
			sourceTree = "<group>";
		};
		D19EA72E1B75368E00F55208 /* Vehicle ManagerUITests */ = {
			isa = PBXGroup;
			children = (
				D19EA72F1B75368E00F55208 /* Vehicle_ManagerUITests.swift */,
				D19EA7311B75368E00F55208 /* Info.plist */,
			);
			path = "Vehicle ManagerUITests";
			sourceTree = "<group>";
		};
		D19EA73F1B75370A00F55208 /* ViewControllers */ = {
			isa = PBXGroup;
			children = (
				D19EA74C1B7548E200F55208 /* AddReservation */,
				D19EA73D1B7536DB00F55208 /* ReservationViewController.swift */,
				D16C4F521B76F77C006A674C /* SettingsTableViewController.swift */,
				D15440FE1B755B7A00260E28 /* VehicleManageHelper.swift */,
				D15441001B75656200260E28 /* VehiclesTableViewController.swift */,
				D15441021B758E1D00260E28 /* CalenderTableViewController.swift */,
				D123630A1B793A5000EDE382 /* SelectSchoolTableViewController.swift */,
				D1CC5FEE1B793F84002C6E04 /* HelpViewController.swift */,
				D1C79A621B7981CC003757FC /* TabBarViewController.swift */,
				D1BDE48E1B7985D10037D862 /* LogInViewController.swift */,
			);
			name = ViewControllers;
			sourceTree = "<group>";
		};
		D19EA7401B75371600F55208 /* Objects */ = {
			isa = PBXGroup;
			children = (
				D19EA7461B75390500F55208 /* Reservation.swift */,
				D19EA7481B753BEF00F55208 /* ReservationTableViewCell.swift */,
				D15441041B75909700260E28 /* CalenderTableViewCell.swift */,
				D1FF3A431B7A45B800F00754 /* School.swift */,
			);
			name = Objects;
			sourceTree = "<group>";
		};
		D19EA7411B75371A00F55208 /* Helper Classes */ = {
			isa = PBXGroup;
			children = (
				D19EA7421B75373800F55208 /* ServerHelper.swift */,
				D19EA7441B7537EB00F55208 /* SwiftyJSON.swift */,
				D1FF3A451B7A470A00F00754 /* UIColorExtension.swift */,
			);
			name = "Helper Classes";
			sourceTree = "<group>";
		};
		D19EA74C1B7548E200F55208 /* AddReservation */ = {
			isa = PBXGroup;
			children = (
				D19EA74A1B7544A700F55208 /* AddReservationViewController.swift */,
				D19EA74D1B7548FD00F55208 /* SelectVehicleTableViewController.swift */,
				D1F9C6881B7558E40056EA03 /* SelectDateViewController.swift */,
			);
			name = AddReservation;
			sourceTree = "<group>";
		};
/* End PBXGroup section */

/* Begin PBXNativeTarget section */
		D19EA7091B75368E00F55208 /* Vehicle Manager */ = {
			isa = PBXNativeTarget;
			buildConfigurationList = D19EA7341B75368E00F55208 /* Build configuration list for PBXNativeTarget "Vehicle Manager" */;
			buildPhases = (
				D19EA7061B75368E00F55208 /* Sources */,
				D19EA7071B75368E00F55208 /* Frameworks */,
				D19EA7081B75368E00F55208 /* Resources */,
			);
			buildRules = (
			);
			dependencies = (
			);
			name = "Vehicle Manager";
			productName = "Vehicle Manager";
			productReference = D19EA70A1B75368E00F55208 /* D214 Vehicles.app */;
			productType = "com.apple.product-type.application";
		};
		D19EA71F1B75368E00F55208 /* Vehicle ManagerTests */ = {
			isa = PBXNativeTarget;
			buildConfigurationList = D19EA7371B75368E00F55208 /* Build configuration list for PBXNativeTarget "Vehicle ManagerTests" */;
			buildPhases = (
				D19EA71C1B75368E00F55208 /* Sources */,
				D19EA71D1B75368E00F55208 /* Frameworks */,
				D19EA71E1B75368E00F55208 /* Resources */,
			);
			buildRules = (
			);
			dependencies = (
				D19EA7221B75368E00F55208 /* PBXTargetDependency */,
			);
			name = "Vehicle ManagerTests";
			productName = "Vehicle ManagerTests";
			productReference = D19EA7201B75368E00F55208 /* Vehicle ManagerTests.xctest */;
			productType = "com.apple.product-type.bundle.unit-test";
		};
		D19EA72A1B75368E00F55208 /* Vehicle ManagerUITests */ = {
			isa = PBXNativeTarget;
			buildConfigurationList = D19EA73A1B75368E00F55208 /* Build configuration list for PBXNativeTarget "Vehicle ManagerUITests" */;
			buildPhases = (
				D19EA7271B75368E00F55208 /* Sources */,
				D19EA7281B75368E00F55208 /* Frameworks */,
				D19EA7291B75368E00F55208 /* Resources */,
			);
			buildRules = (
			);
			dependencies = (
				D19EA72D1B75368E00F55208 /* PBXTargetDependency */,
			);
			name = "Vehicle ManagerUITests";
			productName = "Vehicle ManagerUITests";
			productReference = D19EA72B1B75368E00F55208 /* Vehicle ManagerUITests.xctest */;
			productType = "com.apple.product-type.bundle.ui-testing";
		};
/* End PBXNativeTarget section */

/* Begin PBXProject section */
		D19EA7021B75368E00F55208 /* Project object */ = {
			isa = PBXProject;
			attributes = {
				LastUpgradeCheck = 0700;
				ORGANIZATIONNAME = "Jack Cable";
				TargetAttributes = {
					D19EA7091B75368E00F55208 = {
						CreatedOnToolsVersion = 7.0;
					};
					D19EA71F1B75368E00F55208 = {
						CreatedOnToolsVersion = 7.0;
						TestTargetID = D19EA7091B75368E00F55208;
					};
					D19EA72A1B75368E00F55208 = {
						CreatedOnToolsVersion = 7.0;
						TestTargetID = D19EA7091B75368E00F55208;
					};
				};
			};
			buildConfigurationList = D19EA7051B75368E00F55208 /* Build configuration list for PBXProject "Vehicle Manager" */;
			compatibilityVersion = "Xcode 3.2";
			developmentRegion = English;
			hasScannedForEncodings = 0;
			knownRegions = (
				en,
				Base,
			);
			mainGroup = D19EA7011B75368E00F55208;
			productRefGroup = D19EA70B1B75368E00F55208 /* Products */;
			projectDirPath = "";
			projectRoot = "";
			targets = (
				D19EA7091B75368E00F55208 /* Vehicle Manager */,
				D19EA71F1B75368E00F55208 /* Vehicle ManagerTests */,
				D19EA72A1B75368E00F55208 /* Vehicle ManagerUITests */,
			);
		};
/* End PBXProject section */

/* Begin PBXResourcesBuildPhase section */
		D19EA7081B75368E00F55208 /* Resources */ = {
			isa = PBXResourcesBuildPhase;
			buildActionMask = 2147483647;
			files = (
				D19EA71A1B75368E00F55208 /* LaunchScreen.storyboard in Resources */,
				D19EA7171B75368E00F55208 /* Assets.xcassets in Resources */,
				D19EA7151B75368E00F55208 /* Main.storyboard in Resources */,
			);
			runOnlyForDeploymentPostprocessing = 0;
		};
		D19EA71E1B75368E00F55208 /* Resources */ = {
			isa = PBXResourcesBuildPhase;
			buildActionMask = 2147483647;
			files = (
			);
			runOnlyForDeploymentPostprocessing = 0;
		};
		D19EA7291B75368E00F55208 /* Resources */ = {
			isa = PBXResourcesBuildPhase;
			buildActionMask = 2147483647;
			files = (
			);
			runOnlyForDeploymentPostprocessing = 0;
		};
/* End PBXResourcesBuildPhase section */

/* Begin PBXSourcesBuildPhase section */
		D19EA7061B75368E00F55208 /* Sources */ = {
			isa = PBXSourcesBuildPhase;
			buildActionMask = 2147483647;
			files = (
				D1FF3A441B7A45B800F00754 /* School.swift in Sources */,
				D123630B1B793A5000EDE382 /* SelectSchoolTableViewController.swift in Sources */,
				D19EA74E1B7548FD00F55208 /* SelectVehicleTableViewController.swift in Sources */,
				D1BDE48F1B7985D10037D862 /* LogInViewController.swift in Sources */,
				D19EA70E1B75368E00F55208 /* AppDelegate.swift in Sources */,
				D19EA73E1B7536DB00F55208 /* ReservationViewController.swift in Sources */,
				D15441031B758E1D00260E28 /* CalenderTableViewController.swift in Sources */,
				D1FF3A461B7A470A00F00754 /* UIColorExtension.swift in Sources */,
				D1F9C6891B7558E40056EA03 /* SelectDateViewController.swift in Sources */,
				D15441051B75909700260E28 /* CalenderTableViewCell.swift in Sources */,
				D16C4F531B76F77C006A674C /* SettingsTableViewController.swift in Sources */,
				D19EA7491B753BEF00F55208 /* ReservationTableViewCell.swift in Sources */,
				D1C79A631B7981CC003757FC /* TabBarViewController.swift in Sources */,
				D15440FF1B755B7A00260E28 /* VehicleManageHelper.swift in Sources */,
				D15441011B75656200260E28 /* VehiclesTableViewController.swift in Sources */,
				D1CC5FEF1B793F84002C6E04 /* HelpViewController.swift in Sources */,
				D19EA7471B75390500F55208 /* Reservation.swift in Sources */,
				D19EA7431B75373800F55208 /* ServerHelper.swift in Sources */,
				D19EA7451B7537EB00F55208 /* SwiftyJSON.swift in Sources */,
				D19EA74B1B7544A700F55208 /* AddReservationViewController.swift in Sources */,
			);
			runOnlyForDeploymentPostprocessing = 0;
		};
		D19EA71C1B75368E00F55208 /* Sources */ = {
			isa = PBXSourcesBuildPhase;
			buildActionMask = 2147483647;
			files = (
				D19EA7251B75368E00F55208 /* Vehicle_ManagerTests.swift in Sources */,
			);
			runOnlyForDeploymentPostprocessing = 0;
		};
		D19EA7271B75368E00F55208 /* Sources */ = {
			isa = PBXSourcesBuildPhase;
			buildActionMask = 2147483647;
			files = (
				D19EA7301B75368E00F55208 /* Vehicle_ManagerUITests.swift in Sources */,
			);
			runOnlyForDeploymentPostprocessing = 0;
		};
/* End PBXSourcesBuildPhase section */

/* Begin PBXTargetDependency section */
		D19EA7221B75368E00F55208 /* PBXTargetDependency */ = {
			isa = PBXTargetDependency;
			target = D19EA7091B75368E00F55208 /* Vehicle Manager */;
			targetProxy = D19EA7211B75368E00F55208 /* PBXContainerItemProxy */;
		};
		D19EA72D1B75368E00F55208 /* PBXTargetDependency */ = {
			isa = PBXTargetDependency;
			target = D19EA7091B75368E00F55208 /* Vehicle Manager */;
			targetProxy = D19EA72C1B75368E00F55208 /* PBXContainerItemProxy */;
		};
/* End PBXTargetDependency section */

/* Begin PBXVariantGroup section */
		D19EA7131B75368E00F55208 /* Main.storyboard */ = {
			isa = PBXVariantGroup;
			children = (
				D19EA7141B75368E00F55208 /* Base */,
			);
			name = Main.storyboard;
			sourceTree = "<group>";
		};
		D19EA7181B75368E00F55208 /* LaunchScreen.storyboard */ = {
			isa = PBXVariantGroup;
			children = (
				D19EA7191B75368E00F55208 /* Base */,
			);
			name = LaunchScreen.storyboard;
			sourceTree = "<group>";
		};
/* End PBXVariantGroup section */

/* Begin XCBuildConfiguration section */
		D19EA7321B75368E00F55208 /* Debug */ = {
			isa = XCBuildConfiguration;
			buildSettings = {
				ALWAYS_SEARCH_USER_PATHS = NO;
				CLANG_CXX_LANGUAGE_STANDARD = "gnu++0x";
				CLANG_CXX_LIBRARY = "libc++";
				CLANG_ENABLE_MODULES = YES;
				CLANG_ENABLE_OBJC_ARC = YES;
				CLANG_WARN_BOOL_CONVERSION = YES;
				CLANG_WARN_CONSTANT_CONVERSION = YES;
				CLANG_WARN_DIRECT_OBJC_ISA_USAGE = YES_ERROR;
				CLANG_WARN_EMPTY_BODY = YES;
				CLANG_WARN_ENUM_CONVERSION = YES;
				CLANG_WARN_INT_CONVERSION = YES;
				CLANG_WARN_OBJC_ROOT_CLASS = YES_ERROR;
				CLANG_WARN_UNREACHABLE_CODE = YES;
				CLANG_WARN__DUPLICATE_METHOD_MATCH = YES;
				"CODE_SIGN_IDENTITY[sdk=iphoneos*]" = "iPhone Developer";
				COPY_PHASE_STRIP = NO;
				DEBUG_INFORMATION_FORMAT = dwarf;
				ENABLE_STRICT_OBJC_MSGSEND = YES;
				ENABLE_TESTABILITY = YES;
				GCC_C_LANGUAGE_STANDARD = gnu99;
				GCC_DYNAMIC_NO_PIC = NO;
				GCC_NO_COMMON_BLOCKS = YES;
				GCC_OPTIMIZATION_LEVEL = 0;
				GCC_PREPROCESSOR_DEFINITIONS = (
					"DEBUG=1",
					"$(inherited)",
				);
				GCC_WARN_64_TO_32_BIT_CONVERSION = YES;
				GCC_WARN_ABOUT_RETURN_TYPE = YES_ERROR;
				GCC_WARN_UNDECLARED_SELECTOR = YES;
				GCC_WARN_UNINITIALIZED_AUTOS = YES_AGGRESSIVE;
				GCC_WARN_UNUSED_FUNCTION = YES;
				GCC_WARN_UNUSED_VARIABLE = YES;
				IPHONEOS_DEPLOYMENT_TARGET = 8.0;
				MTL_ENABLE_DEBUG_INFO = YES;
				ONLY_ACTIVE_ARCH = YES;
				SDKROOT = iphoneos;
				SWIFT_OPTIMIZATION_LEVEL = "-Onone";
				TARGETED_DEVICE_FAMILY = "1,2";
			};
			name = Debug;
		};
		D19EA7331B75368E00F55208 /* Release */ = {
			isa = XCBuildConfiguration;
			buildSettings = {
				ALWAYS_SEARCH_USER_PATHS = NO;
				CLANG_CXX_LANGUAGE_STANDARD = "gnu++0x";
				CLANG_CXX_LIBRARY = "libc++";
				CLANG_ENABLE_MODULES = YES;
				CLANG_ENABLE_OBJC_ARC = YES;
				CLANG_WARN_BOOL_CONVERSION = YES;
				CLANG_WARN_CONSTANT_CONVERSION = YES;
				CLANG_WARN_DIRECT_OBJC_ISA_USAGE = YES_ERROR;
				CLANG_WARN_EMPTY_BODY = YES;
				CLANG_WARN_ENUM_CONVERSION = YES;
				CLANG_WARN_INT_CONVERSION = YES;
				CLANG_WARN_OBJC_ROOT_CLASS = YES_ERROR;
				CLANG_WARN_UNREACHABLE_CODE = YES;
				CLANG_WARN__DUPLICATE_METHOD_MATCH = YES;
				"CODE_SIGN_IDENTITY[sdk=iphoneos*]" = "iPhone Developer";
				COPY_PHASE_STRIP = NO;
				DEBUG_INFORMATION_FORMAT = "dwarf-with-dsym";
				ENABLE_NS_ASSERTIONS = NO;
				ENABLE_STRICT_OBJC_MSGSEND = YES;
				GCC_C_LANGUAGE_STANDARD = gnu99;
				GCC_NO_COMMON_BLOCKS = YES;
				GCC_WARN_64_TO_32_BIT_CONVERSION = YES;
				GCC_WARN_ABOUT_RETURN_TYPE = YES_ERROR;
				GCC_WARN_UNDECLARED_SELECTOR = YES;
				GCC_WARN_UNINITIALIZED_AUTOS = YES_AGGRESSIVE;
				GCC_WARN_UNUSED_FUNCTION = YES;
				GCC_WARN_UNUSED_VARIABLE = YES;
				IPHONEOS_DEPLOYMENT_TARGET = 8.0;
				MTL_ENABLE_DEBUG_INFO = NO;
				SDKROOT = iphoneos;
				TARGETED_DEVICE_FAMILY = "1,2";
				VALIDATE_PRODUCT = YES;
			};
			name = Release;
		};
		D19EA7351B75368E00F55208 /* Debug */ = {
			isa = XCBuildConfiguration;
			buildSettings = {
				ASSETCATALOG_COMPILER_APPICON_NAME = AppIcon;
				INFOPLIST_FILE = "Vehicle Manager/Info.plist";
				IPHONEOS_DEPLOYMENT_TARGET = 8.0;
				LD_RUNPATH_SEARCH_PATHS = "$(inherited) @executable_path/Frameworks";
				PRODUCT_BUNDLE_IDENTIFIER = "cable.Vehicle-Manager";
				PRODUCT_NAME = "D214 Vehicles";
				PROVISIONING_PROFILE = "";
			};
			name = Debug;
		};
		D19EA7361B75368E00F55208 /* Release */ = {
			isa = XCBuildConfiguration;
			buildSettings = {
				ASSETCATALOG_COMPILER_APPICON_NAME = AppIcon;
				CODE_SIGN_IDENTITY = "iPhone Distribution: Greg Minter (W9L85QEFSW)";
				INFOPLIST_FILE = "Vehicle Manager/Info.plist";
				IPHONEOS_DEPLOYMENT_TARGET = 8.0;
				LD_RUNPATH_SEARCH_PATHS = "$(inherited) @executable_path/Frameworks";
				PRODUCT_BUNDLE_IDENTIFIER = "cable.Vehicle-Manager";
				PRODUCT_NAME = "D214 Vehicles";
				PROVISIONING_PROFILE = "eb109737-2838-4460-b98e-fe165d413da4";
			};
			name = Release;
		};
		D19EA7381B75368E00F55208 /* Debug */ = {
			isa = XCBuildConfiguration;
			buildSettings = {
				BUNDLE_LOADER = "$(TEST_HOST)";
				INFOPLIST_FILE = "Vehicle ManagerTests/Info.plist";
				LD_RUNPATH_SEARCH_PATHS = "$(inherited) @executable_path/Frameworks @loader_path/Frameworks";
				PRODUCT_BUNDLE_IDENTIFIER = "Jack-Cable.cable.Vehicle-ManagerTests";
				PRODUCT_NAME = "$(TARGET_NAME)";
				TEST_HOST = "$(BUILT_PRODUCTS_DIR)/Vehicle Manager.app/Vehicle Manager";
			};
			name = Debug;
		};
		D19EA7391B75368E00F55208 /* Release */ = {
			isa = XCBuildConfiguration;
			buildSettings = {
				BUNDLE_LOADER = "$(TEST_HOST)";
				INFOPLIST_FILE = "Vehicle ManagerTests/Info.plist";
				LD_RUNPATH_SEARCH_PATHS = "$(inherited) @executable_path/Frameworks @loader_path/Frameworks";
				PRODUCT_BUNDLE_IDENTIFIER = "Jack-Cable.cable.Vehicle-ManagerTests";
				PRODUCT_NAME = "$(TARGET_NAME)";
				TEST_HOST = "$(BUILT_PRODUCTS_DIR)/Vehicle Manager.app/Vehicle Manager";
			};
			name = Release;
		};
		D19EA73B1B75368E00F55208 /* Debug */ = {
			isa = XCBuildConfiguration;
			buildSettings = {
				INFOPLIST_FILE = "Vehicle ManagerUITests/Info.plist";
				LD_RUNPATH_SEARCH_PATHS = "$(inherited) @executable_path/Frameworks @loader_path/Frameworks";
				PRODUCT_BUNDLE_IDENTIFIER = "Jack-Cable.cable.Vehicle-ManagerUITests";
				PRODUCT_NAME = "$(TARGET_NAME)";
				TEST_TARGET_NAME = "Vehicle Manager";
				USES_XCTRUNNER = YES;
			};
			name = Debug;
		};
		D19EA73C1B75368E00F55208 /* Release */ = {
			isa = XCBuildConfiguration;
			buildSettings = {
				INFOPLIST_FILE = "Vehicle ManagerUITests/Info.plist";
				LD_RUNPATH_SEARCH_PATHS = "$(inherited) @executable_path/Frameworks @loader_path/Frameworks";
				PRODUCT_BUNDLE_IDENTIFIER = "Jack-Cable.cable.Vehicle-ManagerUITests";
				PRODUCT_NAME = "$(TARGET_NAME)";
				TEST_TARGET_NAME = "Vehicle Manager";
				USES_XCTRUNNER = YES;
			};
			name = Release;
		};
/* End XCBuildConfiguration section */

/* Begin XCConfigurationList section */
		D19EA7051B75368E00F55208 /* Build configuration list for PBXProject "Vehicle Manager" */ = {
			isa = XCConfigurationList;
			buildConfigurations = (
				D19EA7321B75368E00F55208 /* Debug */,
				D19EA7331B75368E00F55208 /* Release */,
			);
			defaultConfigurationIsVisible = 0;
			defaultConfigurationName = Release;
		};
		D19EA7341B75368E00F55208 /* Build configuration list for PBXNativeTarget "Vehicle Manager" */ = {
			isa = XCConfigurationList;
			buildConfigurations = (
				D19EA7351B75368E00F55208 /* Debug */,
				D19EA7361B75368E00F55208 /* Release */,
			);
			defaultConfigurationIsVisible = 0;
			defaultConfigurationName = Release;
		};
		D19EA7371B75368E00F55208 /* Build configuration list for PBXNativeTarget "Vehicle ManagerTests" */ = {
			isa = XCConfigurationList;
			buildConfigurations = (
				D19EA7381B75368E00F55208 /* Debug */,
				D19EA7391B75368E00F55208 /* Release */,
			);
			defaultConfigurationIsVisible = 0;
			defaultConfigurationName = Release;
		};
		D19EA73A1B75368E00F55208 /* Build configuration list for PBXNativeTarget "Vehicle ManagerUITests" */ = {
			isa = XCConfigurationList;
			buildConfigurations = (
				D19EA73B1B75368E00F55208 /* Debug */,
				D19EA73C1B75368E00F55208 /* Release */,
			);
			defaultConfigurationIsVisible = 0;
			defaultConfigurationName = Release;
		};
/* End XCConfigurationList section */
	};
	rootObject = D19EA7021B75368E00F55208 /* Project object */;
}
